
Microsoft Visual Studio Solution File, Format Version 12.00
# Visual Studio 15
VisualStudioVersion = 15.0.27428.2002
MinimumVisualStudioVersion = 10.0.40219.1
Project("{FAE04EC0-301F-11D3-BF4B-00C04F79EFBC}") = "PrillGrid", "PrillGrid3\PrillGrid.csproj", "{C19A87D5-41B9-43DF-97C8-A459987340BB}"
EndProject
Global
	GlobalSection(SolutionConfigurationPlatforms) = preSolution
		Debug|Any CPU = Debug|Any CPU
		Release|Any CPU = Release|Any CPU
	EndGlobalSection
	GlobalSection(ProjectConfigurationPlatforms) = postSolution
		{C19A87D5-41B9-43DF-97C8-A459987340BB}.Debug|Any CPU.ActiveCfg = Debug|Any CPU
		{C19A87D5-41B9-43DF-97C8-A459987340BB}.Debug|Any CPU.Build.0 = Debug|Any CPU
		{C19A87D5-41B9-43DF-97C8-A459987340BB}.Release|Any CPU.ActiveCfg = Release|Any CPU
		{C19A87D5-41B9-43DF-97C8-A459987340BB}.Release|Any CPU.Build.0 = Release|Any CPU
	EndGlobalSection
	GlobalSection(SolutionProperties) = preSolution
		HideSolutionNode = FALSE
	EndGlobalSection
	GlobalSection(ExtensibilityGlobals) = postSolution
		SolutionGuid = {EA388B49-2FED-4A77-B718-0E22628063A9}
	EndGlobalSection
EndGlobal
